{
  "name": "chesscheat",
  "version": "1.0.0",
  "lockfileVersion": 2,
  "requires": true,
  "packages": {
    "": {
      "name": "chesscheat",
      "version": "1.0.0",
      "license": "ISC",
      "dependencies": {
        "stockfish.wasm": "^0.10.0"
      }
    },
    "node_modules/stockfish.wasm": {
      "version": "0.10.0",
      "resolved": "https://registry.npmjs.org/stockfish.wasm/-/stockfish.wasm-0.10.0.tgz",
      "integrity": "sha512-OTvOlz0ijCSmIb/YvOZ1Dn6vwZVS4Ge3N+RcV0d2b6LXUtCJ9UwmBHypRW3DZ+VXf8WNm7E3P+6jMTVvb3QaBg=="
    }
  },
  "dependencies": {
    "stockfish.wasm": {
      "version": "0.10.0",
      "resolved": "https://registry.npmjs.org/stockfish.wasm/-/stockfish.wasm-0.10.0.tgz",
      "integrity": "sha512-OTvOlz0ijCSmIb/YvOZ1Dn6vwZVS4Ge3N+RcV0d2b6LXUtCJ9UwmBHypRW3DZ+VXf8WNm7E3P+6jMTVvb3QaBg=="
    }
  }
}
